
Microsoft Visual Studio Solution File, Format Version 12.00
# Visual Studio 2012
Project("{FAE04EC0-301F-11D3-BF4B-00C04F79EFBC}") = "Online-Hospital", "Online-Hospital\Online-Hospital.csproj", "{2E2B31AB-AC2D-4A59-8265-4F3630ACD797}"
EndProject
Global
	GlobalSection(SolutionConfigurationPlatforms) = preSolution
		Debug|Any CPU = Debug|Any CPU
		Release|Any CPU = Release|Any CPU
	EndGlobalSection
	GlobalSection(ProjectConfigurationPlatforms) = postSolution
		{2E2B31AB-AC2D-4A59-8265-4F3630ACD797}.Debug|Any CPU.ActiveCfg = Debug|Any CPU
		{2E2B31AB-AC2D-4A59-8265-4F3630ACD797}.Debug|Any CPU.Build.0 = Debug|Any CPU
		{2E2B31AB-AC2D-4A59-8265-4F3630ACD797}.Release|Any CPU.ActiveCfg = Release|Any CPU
		{2E2B31AB-AC2D-4A59-8265-4F3630ACD797}.Release|Any CPU.Build.0 = Release|Any CPU
	EndGlobalSection
	GlobalSection(SolutionProperties) = preSolution
		HideSolutionNode = FALSE
	EndGlobalSection
EndGlobal
